
Microsoft Visual Studio Solution File, Format Version 12.00
# Visual Studio 14
VisualStudioVersion = 14.0.25420.1
MinimumVisualStudioVersion = 10.0.40219.1
Project("{FAE04EC0-301F-11D3-BF4B-00C04F79EFBC}") = "DevicesSystemController", "DevicesSystemController\DevicesSystemController.csproj", "{047CF9E8-E4AE-409D-8590-CEBDBA20140C}"
EndProject
Project("{FAE04EC0-301F-11D3-BF4B-00C04F79EFBC}") = "InterfaceSystemController", "InterfaceSystemController\InterfaceSystemController.csproj", "{8456368F-3C61-4FFB-8678-5E96E7D93EEA}"
	ProjectSection(ProjectDependencies) = postProject
		{047CF9E8-E4AE-409D-8590-CEBDBA20140C} = {047CF9E8-E4AE-409D-8590-CEBDBA20140C}
	EndProjectSection
EndProject
Global
	GlobalSection(SolutionConfigurationPlatforms) = preSolution
		Debug|Any CPU = Debug|Any CPU
		Release|Any CPU = Release|Any CPU
	EndGlobalSection
	GlobalSection(ProjectConfigurationPlatforms) = postSolution
		{047CF9E8-E4AE-409D-8590-CEBDBA20140C}.Debug|Any CPU.ActiveCfg = Debug|Any CPU
		{047CF9E8-E4AE-409D-8590-CEBDBA20140C}.Debug|Any CPU.Build.0 = Debug|Any CPU
		{047CF9E8-E4AE-409D-8590-CEBDBA20140C}.Release|Any CPU.ActiveCfg = Release|Any CPU
		{047CF9E8-E4AE-409D-8590-CEBDBA20140C}.Release|Any CPU.Build.0 = Release|Any CPU
		{8456368F-3C61-4FFB-8678-5E96E7D93EEA}.Debug|Any CPU.ActiveCfg = Debug|Any CPU
		{8456368F-3C61-4FFB-8678-5E96E7D93EEA}.Debug|Any CPU.Build.0 = Debug|Any CPU
		{8456368F-3C61-4FFB-8678-5E96E7D93EEA}.Release|Any CPU.ActiveCfg = Release|Any CPU
		{8456368F-3C61-4FFB-8678-5E96E7D93EEA}.Release|Any CPU.Build.0 = Release|Any CPU
	EndGlobalSection
	GlobalSection(SolutionProperties) = preSolution
		HideSolutionNode = FALSE
	EndGlobalSection
EndGlobal
